
Microsoft Visual Studio Solution File, Format Version 12.00
# Visual Studio Version 16
VisualStudioVersion = 16.0.33423.256
MinimumVisualStudioVersion = 10.0.40219.1
Project("{FAE04EC0-301F-11D3-BF4B-00C04F79EFBC}") = "img2ascii", "img2ascii\img2ascii.csproj", "{31E05CE2-5D48-4DB9-A32F-87F4BAC7F46A}"
EndProject
Global
	GlobalSection(SolutionConfigurationPlatforms) = preSolution
		Debug|Any CPU = Debug|Any CPU
		Release|Any CPU = Release|Any CPU
	EndGlobalSection
	GlobalSection(ProjectConfigurationPlatforms) = postSolution
		{31E05CE2-5D48-4DB9-A32F-87F4BAC7F46A}.Debug|Any CPU.ActiveCfg = Debug|Any CPU
		{31E05CE2-5D48-4DB9-A32F-87F4BAC7F46A}.Debug|Any CPU.Build.0 = Debug|Any CPU
		{31E05CE2-5D48-4DB9-A32F-87F4BAC7F46A}.Release|Any CPU.ActiveCfg = Release|Any CPU
		{31E05CE2-5D48-4DB9-A32F-87F4BAC7F46A}.Release|Any CPU.Build.0 = Release|Any CPU
	EndGlobalSection
	GlobalSection(SolutionProperties) = preSolution
		HideSolutionNode = FALSE
	EndGlobalSection
	GlobalSection(ExtensibilityGlobals) = postSolution
		SolutionGuid = {E5C19C7F-242A-495A-9A74-D417A6BCC4AC}
	EndGlobalSection
EndGlobal
